
Microsoft Visual Studio Solution File, Format Version 11.00
# Visual C# Express 2010
Project("{FAE04EC0-301F-11D3-BF4B-00C04F79EFBC}") = "BreakOut", "BreakOut\BreakOut\BreakOut.csproj", "{86DD3902-5027-4B3D-BE21-C0C529D2384E}"
EndProject
Project("{96E2B04D-8817-42C6-938A-82C39BA4D311}") = "BreakOutContent", "BreakOut\BreakOutContent\BreakOutContent.contentproj", "{60A90B8C-0E23-428E-8362-B2BBB5C2F16D}"
EndProject
Global
	GlobalSection(SolutionConfigurationPlatforms) = preSolution
		Debug|x86 = Debug|x86
		Release|x86 = Release|x86
	EndGlobalSection
	GlobalSection(ProjectConfigurationPlatforms) = postSolution
		{86DD3902-5027-4B3D-BE21-C0C529D2384E}.Debug|x86.ActiveCfg = Debug|x86
		{86DD3902-5027-4B3D-BE21-C0C529D2384E}.Debug|x86.Build.0 = Debug|x86
		{86DD3902-5027-4B3D-BE21-C0C529D2384E}.Release|x86.ActiveCfg = Release|x86
		{86DD3902-5027-4B3D-BE21-C0C529D2384E}.Release|x86.Build.0 = Release|x86
		{60A90B8C-0E23-428E-8362-B2BBB5C2F16D}.Debug|x86.ActiveCfg = Debug|x86
		{60A90B8C-0E23-428E-8362-B2BBB5C2F16D}.Release|x86.ActiveCfg = Release|x86
	EndGlobalSection
	GlobalSection(SolutionProperties) = preSolution
		HideSolutionNode = FALSE
	EndGlobalSection
EndGlobal
